// !$*UTF8*$!
{
	archiveVersion = 1;
	classes = {
	};
	objectVersion = 46;
	objects = {

/* Begin PBXBuildFile section */
		257C500EAE1A9956822196F8 /* topic.json in Resources */ = {isa = PBXBuildFile; fileRef = 257C517726E7185CE934E5CD /* topic.json */; };
		257C50300D4E6C29761C2545 /* NavigationUtil.swift in Sources */ = {isa = PBXBuildFile; fileRef = 257C552E4DB86ABB20EFABB5 /* NavigationUtil.swift */; };
		257C5238EC0A6966E1B73155 /* Quiz.swift in Sources */ = {isa = PBXBuildFile; fileRef = 257C519462944E23C9A5D4D6 /* Quiz.swift */; };
		257C5431B72E7829F916393C /* SubTopicsCollectionViewCell.swift in Sources */ = {isa = PBXBuildFile; fileRef = 257C5347E5F9C710368842C1 /* SubTopicsCollectionViewCell.swift */; };
		257C55F7599C4C565F4C5D24 /* Main.storyboard in Resources */ = {isa = PBXBuildFile; fileRef = 257C5BE1A4D7EBF4A7410141 /* Main.storyboard */; };
		257C5646E648C03F96612B81 /* Quizzes.storyboard in Resources */ = {isa = PBXBuildFile; fileRef = 257C5408CDADBDE4272E552F /* Quizzes.storyboard */; };
		257C57753BAC779806F4FB70 /* ViewController.swift in Sources */ = {isa = PBXBuildFile; fileRef = 257C52601A4BC04B1CD2BEA9 /* ViewController.swift */; };
		257C57A1262A69654536DDEF /* option.json in Resources */ = {isa = PBXBuildFile; fileRef = 257C541F1947981E0C44A28E /* option.json */; };
		257C57C28176C4FEFA088399 /* subtopic.json in Resources */ = {isa = PBXBuildFile; fileRef = 257C52DB83AC04FA1E7C5C74 /* subtopic.json */; };
		257C586D3D2AAEC33C39DC2C /* mock.swift in Sources */ = {isa = PBXBuildFile; fileRef = 257C5D2775177783D2FADDDF /* mock.swift */; };
		257C58D75E147FA61DCA093A /* Assets.xcassets in Resources */ = {isa = PBXBuildFile; fileRef = 257C5EAAE0E5B2EC368C81A1 /* Assets.xcassets */; };
		257C59533D6E3E40FBD859DC /* TopicsViewController.swift in Sources */ = {isa = PBXBuildFile; fileRef = 257C5EBAB20440CD077C0A6C /* TopicsViewController.swift */; };
		257C5979D81929C06B3EC443 /* SubTopic.swift in Sources */ = {isa = PBXBuildFile; fileRef = 257C5BE97AE5FB0E912F8370 /* SubTopic.swift */; };
		257C5AD794612D5B3AAE0998 /* TopicsCollectionViewCell.swift in Sources */ = {isa = PBXBuildFile; fileRef = 257C5CAF8C2E60864A8168C4 /* TopicsCollectionViewCell.swift */; };
		257C5AFE29716792F2D25AF6 /* QuizzesViewController.swift in Sources */ = {isa = PBXBuildFile; fileRef = 257C5EFE267F404193D08258 /* QuizzesViewController.swift */; };
		257C5C409E5F0A9D1F734C1C /* LaunchScreen.storyboard in Resources */ = {isa = PBXBuildFile; fileRef = 257C514CF48C4B1F4D48B0EA /* LaunchScreen.storyboard */; };
		257C5C50972A882E91217D7D /* Topic.swift in Sources */ = {isa = PBXBuildFile; fileRef = 257C58051996F11E053F0DF8 /* Topic.swift */; };
		257C5C5CAA1829542F8A3AE3 /* quiz.json in Resources */ = {isa = PBXBuildFile; fileRef = 257C5A0288672DF79CC87933 /* quiz.json */; };
		257C5D0A7E068144F449F76B /* Topics.storyboard in Resources */ = {isa = PBXBuildFile; fileRef = 257C56A6C2F66DC7C25F5AD1 /* Topics.storyboard */; };
		257C5D704C13A697598810F6 /* SubTopicsViewController.swift in Sources */ = {isa = PBXBuildFile; fileRef = 257C529EF978427CD8C48AA7 /* SubTopicsViewController.swift */; };
		257C5D73C8D12F05772D4A58 /* AppDelegate.swift in Sources */ = {isa = PBXBuildFile; fileRef = 257C5FA66E40E1515B89F62B /* AppDelegate.swift */; };
		257C5E55E91C729BA173DDB7 /* SubTopics.storyboard in Resources */ = {isa = PBXBuildFile; fileRef = 257C56F99923D0F61A64C700 /* SubTopics.storyboard */; };
		2A7A7A111F29B0620021B317 /* Option.swift in Sources */ = {isa = PBXBuildFile; fileRef = 2A7A7A101F29B0620021B317 /* Option.swift */; };
		62C0B2B7ADE9FA17801F356F /* Pods_survey.framework in Frameworks */ = {isa = PBXBuildFile; fileRef = D428B120F9FAAE778BA2F035 /* Pods_survey.framework */; };
/* End PBXBuildFile section */

/* Begin PBXContainerItemProxy section */
		2A7A7A1D1F29B9560021B317 /* PBXContainerItemProxy */ = {
			isa = PBXContainerItemProxy;
			containerPortal = 2A5392D21F28EDD50050A7FF /* Project object */;
			proxyType = 1;
			remoteGlobalIDString = 2A5392D91F28EDD50050A7FF;
			remoteInfo = survey;
		};
/* End PBXContainerItemProxy section */

/* Begin PBXFileReference section */
		257C517726E7185CE934E5CD /* topic.json */ = {isa = PBXFileReference; fileEncoding = 4; lastKnownFileType = text.json; path = topic.json; sourceTree = "<group>"; };
		257C519462944E23C9A5D4D6 /* Quiz.swift */ = {isa = PBXFileReference; fileEncoding = 4; lastKnownFileType = sourcecode.swift; path = Quiz.swift; sourceTree = "<group>"; };
		257C52601A4BC04B1CD2BEA9 /* ViewController.swift */ = {isa = PBXFileReference; fileEncoding = 4; lastKnownFileType = sourcecode.swift; path = ViewController.swift; sourceTree = "<group>"; };
		257C529EF978427CD8C48AA7 /* SubTopicsViewController.swift */ = {isa = PBXFileReference; fileEncoding = 4; lastKnownFileType = sourcecode.swift; path = SubTopicsViewController.swift; sourceTree = "<group>"; };
		257C52DB83AC04FA1E7C5C74 /* subtopic.json */ = {isa = PBXFileReference; fileEncoding = 4; lastKnownFileType = text.json; path = subtopic.json; sourceTree = "<group>"; };
		257C5347E5F9C710368842C1 /* SubTopicsCollectionViewCell.swift */ = {isa = PBXFileReference; fileEncoding = 4; lastKnownFileType = sourcecode.swift; path = SubTopicsCollectionViewCell.swift; sourceTree = "<group>"; };
		257C5408CDADBDE4272E552F /* Quizzes.storyboard */ = {isa = PBXFileReference; lastKnownFileType = file.storyboard; path = Quizzes.storyboard; sourceTree = "<group>"; };
		257C541F1947981E0C44A28E /* option.json */ = {isa = PBXFileReference; fileEncoding = 4; lastKnownFileType = text.json; path = option.json; sourceTree = "<group>"; };
		257C552E4DB86ABB20EFABB5 /* NavigationUtil.swift */ = {isa = PBXFileReference; fileEncoding = 4; lastKnownFileType = sourcecode.swift; path = NavigationUtil.swift; sourceTree = "<group>"; };
		257C56A6C2F66DC7C25F5AD1 /* Topics.storyboard */ = {isa = PBXFileReference; lastKnownFileType = file.storyboard; path = Topics.storyboard; sourceTree = "<group>"; };
		257C56F99923D0F61A64C700 /* SubTopics.storyboard */ = {isa = PBXFileReference; lastKnownFileType = file.storyboard; path = SubTopics.storyboard; sourceTree = "<group>"; };
		257C58051996F11E053F0DF8 /* Topic.swift */ = {isa = PBXFileReference; fileEncoding = 4; lastKnownFileType = sourcecode.swift; path = Topic.swift; sourceTree = "<group>"; };
		257C583F15BC275A1D1B5C56 /* Base */ = {isa = PBXFileReference; lastKnownFileType = file.storyboard; name = Base; path = survey/Base.lproj/Main.storyboard; sourceTree = SOURCE_ROOT; };
		257C5A0288672DF79CC87933 /* quiz.json */ = {isa = PBXFileReference; fileEncoding = 4; lastKnownFileType = text.json; path = quiz.json; sourceTree = "<group>"; };
		257C5BE97AE5FB0E912F8370 /* SubTopic.swift */ = {isa = PBXFileReference; fileEncoding = 4; lastKnownFileType = sourcecode.swift; path = SubTopic.swift; sourceTree = "<group>"; };
		257C5CAF8C2E60864A8168C4 /* TopicsCollectionViewCell.swift */ = {isa = PBXFileReference; fileEncoding = 4; lastKnownFileType = sourcecode.swift; path = TopicsCollectionViewCell.swift; sourceTree = "<group>"; };
		257C5D2775177783D2FADDDF /* mock.swift */ = {isa = PBXFileReference; fileEncoding = 4; lastKnownFileType = sourcecode.swift; path = mock.swift; sourceTree = "<group>"; };
		257C5E5189A2D43C83CD1D58 /* Info.plist */ = {isa = PBXFileReference; fileEncoding = 4; lastKnownFileType = text.plist.info; path = Info.plist; sourceTree = "<group>"; };
		257C5E5B0A7A478D75DD7603 /* Base */ = {isa = PBXFileReference; lastKnownFileType = file.storyboard; name = Base; path = survey/Base.lproj/LaunchScreen.storyboard; sourceTree = SOURCE_ROOT; };
		257C5EAAE0E5B2EC368C81A1 /* Assets.xcassets */ = {isa = PBXFileReference; lastKnownFileType = folder.assetcatalog; path = Assets.xcassets; sourceTree = "<group>"; };
		257C5EBAB20440CD077C0A6C /* TopicsViewController.swift */ = {isa = PBXFileReference; fileEncoding = 4; lastKnownFileType = sourcecode.swift; path = TopicsViewController.swift; sourceTree = "<group>"; };
		257C5EFE267F404193D08258 /* QuizzesViewController.swift */ = {isa = PBXFileReference; fileEncoding = 4; lastKnownFileType = sourcecode.swift; path = QuizzesViewController.swift; sourceTree = "<group>"; };
		257C5FA66E40E1515B89F62B /* AppDelegate.swift */ = {isa = PBXFileReference; fileEncoding = 4; lastKnownFileType = sourcecode.swift; path = AppDelegate.swift; sourceTree = "<group>"; };
		2A5392DA1F28EDD50050A7FF /* survey.app */ = {isa = PBXFileReference; explicitFileType = wrapper.application; includeInIndex = 0; path = survey.app; sourceTree = BUILT_PRODUCTS_DIR; };
		2A7A7A101F29B0620021B317 /* Option.swift */ = {isa = PBXFileReference; fileEncoding = 4; lastKnownFileType = sourcecode.swift; path = Option.swift; sourceTree = "<group>"; };
		2A7A7A181F29B9560021B317 /* surveyTests.xctest */ = {isa = PBXFileReference; explicitFileType = wrapper.cfbundle; includeInIndex = 0; path = surveyTests.xctest; sourceTree = BUILT_PRODUCTS_DIR; };
		7D90A2DB223488124AE0D29E /* Pods-survey.release.xcconfig */ = {isa = PBXFileReference; includeInIndex = 1; lastKnownFileType = text.xcconfig; name = "Pods-survey.release.xcconfig"; path = "Pods/Target Support Files/Pods-survey/Pods-survey.release.xcconfig"; sourceTree = "<group>"; };
		89BEB8D53DE222652FAEC7FD /* Pods-survey.debug.xcconfig */ = {isa = PBXFileReference; includeInIndex = 1; lastKnownFileType = text.xcconfig; name = "Pods-survey.debug.xcconfig"; path = "Pods/Target Support Files/Pods-survey/Pods-survey.debug.xcconfig"; sourceTree = "<group>"; };
		D428B120F9FAAE778BA2F035 /* Pods_survey.framework */ = {isa = PBXFileReference; explicitFileType = wrapper.framework; includeInIndex = 0; path = Pods_survey.framework; sourceTree = BUILT_PRODUCTS_DIR; };
/* End PBXFileReference section */

/* Begin PBXFrameworksBuildPhase section */
		2A5392D71F28EDD50050A7FF /* Frameworks */ = {
			isa = PBXFrameworksBuildPhase;
			buildActionMask = 2147483647;
			files = (
				62C0B2B7ADE9FA17801F356F /* Pods_survey.framework in Frameworks */,
			);
			runOnlyForDeploymentPostprocessing = 0;
		};
		2A7A7A151F29B9560021B317 /* Frameworks */ = {
			isa = PBXFrameworksBuildPhase;
			buildActionMask = 2147483647;
			files = (
			);
			runOnlyForDeploymentPostprocessing = 0;
		};
/* End PBXFrameworksBuildPhase section */

/* Begin PBXGroup section */
		257C53FBC9A91053CFAF4EB3 /* Models */ = {
			isa = PBXGroup;
			children = (
				257C58051996F11E053F0DF8 /* Topic.swift */,
				257C5BE97AE5FB0E912F8370 /* SubTopic.swift */,
				257C519462944E23C9A5D4D6 /* Quiz.swift */,
				2A7A7A101F29B0620021B317 /* Option.swift */,
			);
			path = Models;
			sourceTree = "<group>";
		};
		257C55A0C35257E45A086BA2 /* Controllers */ = {
			isa = PBXGroup;
			children = (
				257C5EBAB20440CD077C0A6C /* TopicsViewController.swift */,
				257C52601A4BC04B1CD2BEA9 /* ViewController.swift */,
				257C529EF978427CD8C48AA7 /* SubTopicsViewController.swift */,
				257C5EFE267F404193D08258 /* QuizzesViewController.swift */,
			);
			path = Controllers;
			sourceTree = "<group>";
		};
		257C57F261B7449BE4F03F35 /* Storyboards & Xibs */ = {
			isa = PBXGroup;
			children = (
				257C514CF48C4B1F4D48B0EA /* LaunchScreen.storyboard */,
				257C5BE1A4D7EBF4A7410141 /* Main.storyboard */,
				257C56A6C2F66DC7C25F5AD1 /* Topics.storyboard */,
				257C56F99923D0F61A64C700 /* SubTopics.storyboard */,
				257C5408CDADBDE4272E552F /* Quizzes.storyboard */,
			);
			path = "Storyboards & Xibs";
			sourceTree = "<group>";
		};
		257C5A5999DF72CADA008C28 /* App */ = {
			isa = PBXGroup;
			children = (
				257C5FA66E40E1515B89F62B /* AppDelegate.swift */,
			);
			path = App;
			sourceTree = "<group>";
		};
		257C5C0C8645FCD4F0B18083 /* Assets */ = {
			isa = PBXGroup;
			children = (
				257C5EAAE0E5B2EC368C81A1 /* Assets.xcassets */,
			);
			path = Assets;
			sourceTree = "<group>";
		};
		257C5F59A35117E4F79DDF9E /* Util */ = {
			isa = PBXGroup;
			children = (
				257C552E4DB86ABB20EFABB5 /* NavigationUtil.swift */,
			);
			path = Util;
			sourceTree = "<group>";
		};
		257C5FF6016780E7CE2E26C3 /* Views */ = {
			isa = PBXGroup;
			children = (
				257C5CAF8C2E60864A8168C4 /* TopicsCollectionViewCell.swift */,
				257C5347E5F9C710368842C1 /* SubTopicsCollectionViewCell.swift */,
			);
			path = Views;
			sourceTree = "<group>";
		};
		2A5392D11F28EDD50050A7FF = {
			isa = PBXGroup;
			children = (
				2A5392DC1F28EDD50050A7FF /* survey */,
				2A5392DB1F28EDD50050A7FF /* Products */,
				8CF2FC663BF70B99E2EB78A1 /* Pods */,
				CD108647336CFDEA6887BF69 /* Frameworks */,
			);
			sourceTree = "<group>";
		};
		2A5392DB1F28EDD50050A7FF /* Products */ = {
			isa = PBXGroup;
			children = (
				2A5392DA1F28EDD50050A7FF /* survey.app */,
				2A7A7A181F29B9560021B317 /* surveyTests.xctest */,
			);
			name = Products;
			sourceTree = "<group>";
		};
		2A5392DC1F28EDD50050A7FF /* survey */ = {
			isa = PBXGroup;
			children = (
				2A7A7A271F29BC4F0021B317 /* mockdata */,
				257C53FBC9A91053CFAF4EB3 /* Models */,
				257C55A0C35257E45A086BA2 /* Controllers */,
				257C57F261B7449BE4F03F35 /* Storyboards & Xibs */,
				257C5C0C8645FCD4F0B18083 /* Assets */,
				257C5A5999DF72CADA008C28 /* App */,
				257C5F59A35117E4F79DDF9E /* Util */,
				257C5FF6016780E7CE2E26C3 /* Views */,
				257C5E5189A2D43C83CD1D58 /* Info.plist */,
			);
			path = survey;
			sourceTree = "<group>";
		};
		2A7A7A271F29BC4F0021B317 /* mockdata */ = {
			isa = PBXGroup;
			children = (
				257C517726E7185CE934E5CD /* topic.json */,
				257C52DB83AC04FA1E7C5C74 /* subtopic.json */,
				257C5A0288672DF79CC87933 /* quiz.json */,
				257C541F1947981E0C44A28E /* option.json */,
				257C5D2775177783D2FADDDF /* mock.swift */,
			);
			name = mockdata;
			sourceTree = "<group>";
		};
		8CF2FC663BF70B99E2EB78A1 /* Pods */ = {
			isa = PBXGroup;
			children = (
				89BEB8D53DE222652FAEC7FD /* Pods-survey.debug.xcconfig */,
				7D90A2DB223488124AE0D29E /* Pods-survey.release.xcconfig */,
			);
			name = Pods;
			sourceTree = "<group>";
		};
		CD108647336CFDEA6887BF69 /* Frameworks */ = {
			isa = PBXGroup;
			children = (
				D428B120F9FAAE778BA2F035 /* Pods_survey.framework */,
			);
			name = Frameworks;
			sourceTree = "<group>";
		};
/* End PBXGroup section */

/* Begin PBXNativeTarget section */
		2A5392D91F28EDD50050A7FF /* survey */ = {
			isa = PBXNativeTarget;
			buildConfigurationList = 2A5392EC1F28EDD50050A7FF /* Build configuration list for PBXNativeTarget "survey" */;
			buildPhases = (
				D4BBA5BDF0CF7EDB456A2E3A /* [CP] Check Pods Manifest.lock */,
				2A5392D61F28EDD50050A7FF /* Sources */,
				2A5392D71F28EDD50050A7FF /* Frameworks */,
				2A5392D81F28EDD50050A7FF /* Resources */,
				873F236D427B6EC80093EA73 /* [CP] Embed Pods Frameworks */,
				26A1636AE3F60500B1D1D335 /* [CP] Copy Pods Resources */,
			);
			buildRules = (
			);
			dependencies = (
			);
			name = survey;
			productName = survey;
			productReference = 2A5392DA1F28EDD50050A7FF /* survey.app */;
			productType = "com.apple.product-type.application";
		};
		2A7A7A171F29B9560021B317 /* surveyTests */ = {
			isa = PBXNativeTarget;
			buildConfigurationList = 2A7A7A1F1F29B9560021B317 /* Build configuration list for PBXNativeTarget "surveyTests" */;
			buildPhases = (
				2A7A7A141F29B9560021B317 /* Sources */,
				2A7A7A151F29B9560021B317 /* Frameworks */,
				2A7A7A161F29B9560021B317 /* Resources */,
			);
			buildRules = (
			);
			dependencies = (
				2A7A7A1E1F29B9560021B317 /* PBXTargetDependency */,
			);
			name = surveyTests;
			productName = surveyTests;
			productReference = 2A7A7A181F29B9560021B317 /* surveyTests.xctest */;
			productType = "com.apple.product-type.bundle.unit-test";
		};
/* End PBXNativeTarget section */

/* Begin PBXProject section */
		2A5392D21F28EDD50050A7FF /* Project object */ = {
			isa = PBXProject;
			attributes = {
				LastSwiftUpdateCheck = 0830;
				LastUpgradeCheck = 0830;
				ORGANIZATIONNAME = droidinlabs;
				TargetAttributes = {
					2A5392D91F28EDD50050A7FF = {
						CreatedOnToolsVersion = 8.3.3;
						DevelopmentTeam = Y4CY2JJR3S;
						ProvisioningStyle = Automatic;
					};
					2A7A7A171F29B9560021B317 = {
						CreatedOnToolsVersion = 8.3.3;
						DevelopmentTeam = Y4CY2JJR3S;
						ProvisioningStyle = Automatic;
						TestTargetID = 2A5392D91F28EDD50050A7FF;
					};
				};
			};
			buildConfigurationList = 2A5392D51F28EDD50050A7FF /* Build configuration list for PBXProject "survey" */;
			compatibilityVersion = "Xcode 3.2";
			developmentRegion = English;
			hasScannedForEncodings = 0;
			knownRegions = (
				en,
				Base,
			);
			mainGroup = 2A5392D11F28EDD50050A7FF;
			productRefGroup = 2A5392DB1F28EDD50050A7FF /* Products */;
			projectDirPath = "";
			projectRoot = "";
			targets = (
				2A5392D91F28EDD50050A7FF /* survey */,
				2A7A7A171F29B9560021B317 /* surveyTests */,
			);
		};
/* End PBXProject section */

/* Begin PBXResourcesBuildPhase section */
		2A5392D81F28EDD50050A7FF /* Resources */ = {
			isa = PBXResourcesBuildPhase;
			buildActionMask = 2147483647;
			files = (
				257C500EAE1A9956822196F8 /* topic.json in Resources */,
				257C57C28176C4FEFA088399 /* subtopic.json in Resources */,
				257C5C5CAA1829542F8A3AE3 /* quiz.json in Resources */,
				257C57A1262A69654536DDEF /* option.json in Resources */,
				257C5C409E5F0A9D1F734C1C /* LaunchScreen.storyboard in Resources */,
				257C55F7599C4C565F4C5D24 /* Main.storyboard in Resources */,
				257C58D75E147FA61DCA093A /* Assets.xcassets in Resources */,
				257C5D0A7E068144F449F76B /* Topics.storyboard in Resources */,
				257C5E55E91C729BA173DDB7 /* SubTopics.storyboard in Resources */,
				257C5646E648C03F96612B81 /* Quizzes.storyboard in Resources */,
			);
			runOnlyForDeploymentPostprocessing = 0;
		};
		2A7A7A161F29B9560021B317 /* Resources */ = {
			isa = PBXResourcesBuildPhase;
			buildActionMask = 2147483647;
			files = (
			);
			runOnlyForDeploymentPostprocessing = 0;
		};
/* End PBXResourcesBuildPhase section */

/* Begin PBXShellScriptBuildPhase section */
		26A1636AE3F60500B1D1D335 /* [CP] Copy Pods Resources */ = {
			isa = PBXShellScriptBuildPhase;
			buildActionMask = 2147483647;
			files = (
			);
			inputPaths = (
			);
			name = "[CP] Copy Pods Resources";
			outputPaths = (
			);
			runOnlyForDeploymentPostprocessing = 0;
			shellPath = /bin/sh;
			shellScript = "\"${SRCROOT}/Pods/Target Support Files/Pods-survey/Pods-survey-resources.sh\"\n";
			showEnvVarsInLog = 0;
		};
		873F236D427B6EC80093EA73 /* [CP] Embed Pods Frameworks */ = {
			isa = PBXShellScriptBuildPhase;
			buildActionMask = 2147483647;
			files = (
			);
			inputPaths = (
			);
			name = "[CP] Embed Pods Frameworks";
			outputPaths = (
			);
			runOnlyForDeploymentPostprocessing = 0;
			shellPath = /bin/sh;
			shellScript = "\"${SRCROOT}/Pods/Target Support Files/Pods-survey/Pods-survey-frameworks.sh\"\n";
			showEnvVarsInLog = 0;
		};
		D4BBA5BDF0CF7EDB456A2E3A /* [CP] Check Pods Manifest.lock */ = {
			isa = PBXShellScriptBuildPhase;
			buildActionMask = 2147483647;
			files = (
			);
			inputPaths = (
			);
			name = "[CP] Check Pods Manifest.lock";
			outputPaths = (
			);
			runOnlyForDeploymentPostprocessing = 0;
			shellPath = /bin/sh;
			shellScript = "diff \"${PODS_PODFILE_DIR_PATH}/Podfile.lock\" \"${PODS_ROOT}/Manifest.lock\" > /dev/null\nif [ $? != 0 ] ; then\n    # print error to STDERR\n    echo \"error: The sandbox is not in sync with the Podfile.lock. Run 'pod install' or update your CocoaPods installation.\" >&2\n    exit 1\nfi\n";
			showEnvVarsInLog = 0;
		};
/* End PBXShellScriptBuildPhase section */

/* Begin PBXSourcesBuildPhase section */
		2A5392D61F28EDD50050A7FF /* Sources */ = {
			isa = PBXSourcesBuildPhase;
			buildActionMask = 2147483647;
			files = (
				257C5C50972A882E91217D7D /* Topic.swift in Sources */,
				257C5979D81929C06B3EC443 /* SubTopic.swift in Sources */,
				2A7A7A111F29B0620021B317 /* Option.swift in Sources */,
				257C5238EC0A6966E1B73155 /* Quiz.swift in Sources */,
				257C586D3D2AAEC33C39DC2C /* mock.swift in Sources */,
				257C59533D6E3E40FBD859DC /* TopicsViewController.swift in Sources */,
				257C57753BAC779806F4FB70 /* ViewController.swift in Sources */,
				257C5D73C8D12F05772D4A58 /* AppDelegate.swift in Sources */,
				257C5AD794612D5B3AAE0998 /* TopicsCollectionViewCell.swift in Sources */,
				257C50300D4E6C29761C2545 /* NavigationUtil.swift in Sources */,
				257C5D704C13A697598810F6 /* SubTopicsViewController.swift in Sources */,
				257C5431B72E7829F916393C /* SubTopicsCollectionViewCell.swift in Sources */,
				257C5AFE29716792F2D25AF6 /* QuizzesViewController.swift in Sources */,
			);
			runOnlyForDeploymentPostprocessing = 0;
		};
		2A7A7A141F29B9560021B317 /* Sources */ = {
			isa = PBXSourcesBuildPhase;
			buildActionMask = 2147483647;
			files = (
			);
			runOnlyForDeploymentPostprocessing = 0;
		};
/* End PBXSourcesBuildPhase section */

/* Begin PBXTargetDependency section */
		2A7A7A1E1F29B9560021B317 /* PBXTargetDependency */ = {
			isa = PBXTargetDependency;
			target = 2A5392D91F28EDD50050A7FF /* survey */;
			targetProxy = 2A7A7A1D1F29B9560021B317 /* PBXContainerItemProxy */;
		};
/* End PBXTargetDependency section */

/* Begin PBXVariantGroup section */
		257C514CF48C4B1F4D48B0EA /* LaunchScreen.storyboard */ = {
			isa = PBXVariantGroup;
			children = (
				257C5E5B0A7A478D75DD7603 /* Base */,
			);
			name = LaunchScreen.storyboard;
			sourceTree = "<group>";
		};
		257C5BE1A4D7EBF4A7410141 /* Main.storyboard */ = {
			isa = PBXVariantGroup;
			children = (
				257C583F15BC275A1D1B5C56 /* Base */,
			);
			name = Main.storyboard;
			sourceTree = "<group>";
		};
/* End PBXVariantGroup section */

/* Begin XCBuildConfiguration section */
		2A5392EA1F28EDD50050A7FF /* Debug */ = {
			isa = XCBuildConfiguration;
			buildSettings = {
				ALWAYS_SEARCH_USER_PATHS = NO;
				CLANG_ANALYZER_NONNULL = YES;
				CLANG_ANALYZER_NUMBER_OBJECT_CONVERSION = YES_AGGRESSIVE;
				CLANG_CXX_LANGUAGE_STANDARD = "gnu++0x";
				CLANG_CXX_LIBRARY = "libc++";
				CLANG_ENABLE_MODULES = YES;
				CLANG_ENABLE_OBJC_ARC = YES;
				CLANG_WARN_BOOL_CONVERSION = YES;
				CLANG_WARN_CONSTANT_CONVERSION = YES;
				CLANG_WARN_DIRECT_OBJC_ISA_USAGE = YES_ERROR;
				CLANG_WARN_DOCUMENTATION_COMMENTS = YES;
				CLANG_WARN_EMPTY_BODY = YES;
				CLANG_WARN_ENUM_CONVERSION = YES;
				CLANG_WARN_INFINITE_RECURSION = YES;
				CLANG_WARN_INT_CONVERSION = YES;
				CLANG_WARN_OBJC_ROOT_CLASS = YES_ERROR;
				CLANG_WARN_SUSPICIOUS_MOVE = YES;
				CLANG_WARN_UNREACHABLE_CODE = YES;
				CLANG_WARN__DUPLICATE_METHOD_MATCH = YES;
				"CODE_SIGN_IDENTITY[sdk=iphoneos*]" = "iPhone Developer";
				COPY_PHASE_STRIP = NO;
				DEBUG_INFORMATION_FORMAT = dwarf;
				ENABLE_STRICT_OBJC_MSGSEND = YES;
				ENABLE_TESTABILITY = YES;
				GCC_C_LANGUAGE_STANDARD = gnu99;
				GCC_DYNAMIC_NO_PIC = NO;
				GCC_NO_COMMON_BLOCKS = YES;
				GCC_OPTIMIZATION_LEVEL = 0;
				GCC_PREPROCESSOR_DEFINITIONS = (
					"DEBUG=1",
					"$(inherited)",
				);
				GCC_WARN_64_TO_32_BIT_CONVERSION = YES;
				GCC_WARN_ABOUT_RETURN_TYPE = YES_ERROR;
				GCC_WARN_UNDECLARED_SELECTOR = YES;
				GCC_WARN_UNINITIALIZED_AUTOS = YES_AGGRESSIVE;
				GCC_WARN_UNUSED_FUNCTION = YES;
				GCC_WARN_UNUSED_VARIABLE = YES;
				IPHONEOS_DEPLOYMENT_TARGET = 10.3;
				MTL_ENABLE_DEBUG_INFO = YES;
				ONLY_ACTIVE_ARCH = YES;
				SDKROOT = iphoneos;
				SWIFT_ACTIVE_COMPILATION_CONDITIONS = DEBUG;
				SWIFT_OPTIMIZATION_LEVEL = "-Onone";
			};
			name = Debug;
		};
		2A5392EB1F28EDD50050A7FF /* Release */ = {
			isa = XCBuildConfiguration;
			buildSettings = {
				ALWAYS_SEARCH_USER_PATHS = NO;
				CLANG_ANALYZER_NONNULL = YES;
				CLANG_ANALYZER_NUMBER_OBJECT_CONVERSION = YES_AGGRESSIVE;
				CLANG_CXX_LANGUAGE_STANDARD = "gnu++0x";
				CLANG_CXX_LIBRARY = "libc++";
				CLANG_ENABLE_MODULES = YES;
				CLANG_ENABLE_OBJC_ARC = YES;
				CLANG_WARN_BOOL_CONVERSION = YES;
				CLANG_WARN_CONSTANT_CONVERSION = YES;
				CLANG_WARN_DIRECT_OBJC_ISA_USAGE = YES_ERROR;
				CLANG_WARN_DOCUMENTATION_COMMENTS = YES;
				CLANG_WARN_EMPTY_BODY = YES;
				CLANG_WARN_ENUM_CONVERSION = YES;
				CLANG_WARN_INFINITE_RECURSION = YES;
				CLANG_WARN_INT_CONVERSION = YES;
				CLANG_WARN_OBJC_ROOT_CLASS = YES_ERROR;
				CLANG_WARN_SUSPICIOUS_MOVE = YES;
				CLANG_WARN_UNREACHABLE_CODE = YES;
				CLANG_WARN__DUPLICATE_METHOD_MATCH = YES;
				"CODE_SIGN_IDENTITY[sdk=iphoneos*]" = "iPhone Developer";
				COPY_PHASE_STRIP = NO;
				DEBUG_INFORMATION_FORMAT = "dwarf-with-dsym";
				ENABLE_NS_ASSERTIONS = NO;
				ENABLE_STRICT_OBJC_MSGSEND = YES;
				GCC_C_LANGUAGE_STANDARD = gnu99;
				GCC_NO_COMMON_BLOCKS = YES;
				GCC_WARN_64_TO_32_BIT_CONVERSION = YES;
				GCC_WARN_ABOUT_RETURN_TYPE = YES_ERROR;
				GCC_WARN_UNDECLARED_SELECTOR = YES;
				GCC_WARN_UNINITIALIZED_AUTOS = YES_AGGRESSIVE;
				GCC_WARN_UNUSED_FUNCTION = YES;
				GCC_WARN_UNUSED_VARIABLE = YES;
				IPHONEOS_DEPLOYMENT_TARGET = 10.3;
				MTL_ENABLE_DEBUG_INFO = NO;
				SDKROOT = iphoneos;
				SWIFT_OPTIMIZATION_LEVEL = "-Owholemodule";
				VALIDATE_PRODUCT = YES;
			};
			name = Release;
		};
		2A5392ED1F28EDD50050A7FF /* Debug */ = {
			isa = XCBuildConfiguration;
			baseConfigurationReference = 89BEB8D53DE222652FAEC7FD /* Pods-survey.debug.xcconfig */;
			buildSettings = {
				ASSETCATALOG_COMPILER_APPICON_NAME = AppIcon;
				DEVELOPMENT_TEAM = Y4CY2JJR3S;
				INFOPLIST_FILE = survey/Info.plist;
				LD_RUNPATH_SEARCH_PATHS = "$(inherited) @executable_path/Frameworks";
				PRODUCT_BUNDLE_IDENTIFIER = com.droidinlabs.survey;
				PRODUCT_NAME = "$(TARGET_NAME)";
				SWIFT_VERSION = 3.0;
			};
			name = Debug;
		};
		2A5392EE1F28EDD50050A7FF /* Release */ = {
			isa = XCBuildConfiguration;
			baseConfigurationReference = 7D90A2DB223488124AE0D29E /* Pods-survey.release.xcconfig */;
			buildSettings = {
				ASSETCATALOG_COMPILER_APPICON_NAME = AppIcon;
				DEVELOPMENT_TEAM = Y4CY2JJR3S;
				INFOPLIST_FILE = survey/Info.plist;
				LD_RUNPATH_SEARCH_PATHS = "$(inherited) @executable_path/Frameworks";
				PRODUCT_BUNDLE_IDENTIFIER = com.droidinlabs.survey;
				PRODUCT_NAME = "$(TARGET_NAME)";
				SWIFT_VERSION = 3.0;
			};
			name = Release;
		};
		2A7A7A201F29B9560021B317 /* Debug */ = {
			isa = XCBuildConfiguration;
			buildSettings = {
				BUNDLE_LOADER = "$(TEST_HOST)";
				DEVELOPMENT_TEAM = Y4CY2JJR3S;
				INFOPLIST_FILE = surveyTests/Info.plist;
				LD_RUNPATH_SEARCH_PATHS = "$(inherited) @executable_path/Frameworks @loader_path/Frameworks";
				PRODUCT_BUNDLE_IDENTIFIER = com.droidinlabs.surveyTests;
				PRODUCT_NAME = "$(TARGET_NAME)";
				SWIFT_VERSION = 3.0;
				TEST_HOST = "$(BUILT_PRODUCTS_DIR)/survey.app/survey";
			};
			name = Debug;
		};
		2A7A7A211F29B9560021B317 /* Release */ = {
			isa = XCBuildConfiguration;
			buildSettings = {
				BUNDLE_LOADER = "$(TEST_HOST)";
				DEVELOPMENT_TEAM = Y4CY2JJR3S;
				INFOPLIST_FILE = surveyTests/Info.plist;
				LD_RUNPATH_SEARCH_PATHS = "$(inherited) @executable_path/Frameworks @loader_path/Frameworks";
				PRODUCT_BUNDLE_IDENTIFIER = com.droidinlabs.surveyTests;
				PRODUCT_NAME = "$(TARGET_NAME)";
				SWIFT_VERSION = 3.0;
				TEST_HOST = "$(BUILT_PRODUCTS_DIR)/survey.app/survey";
			};
			name = Release;
		};
/* End XCBuildConfiguration section */

/* Begin XCConfigurationList section */
		2A5392D51F28EDD50050A7FF /* Build configuration list for PBXProject "survey" */ = {
			isa = XCConfigurationList;
			buildConfigurations = (
				2A5392EA1F28EDD50050A7FF /* Debug */,
				2A5392EB1F28EDD50050A7FF /* Release */,
			);
			defaultConfigurationIsVisible = 0;
			defaultConfigurationName = Release;
		};
		2A5392EC1F28EDD50050A7FF /* Build configuration list for PBXNativeTarget "survey" */ = {
			isa = XCConfigurationList;
			buildConfigurations = (
				2A5392ED1F28EDD50050A7FF /* Debug */,
				2A5392EE1F28EDD50050A7FF /* Release */,
			);
			defaultConfigurationIsVisible = 0;
			defaultConfigurationName = Release;
		};
		2A7A7A1F1F29B9560021B317 /* Build configuration list for PBXNativeTarget "surveyTests" */ = {
			isa = XCConfigurationList;
			buildConfigurations = (
				2A7A7A201F29B9560021B317 /* Debug */,
				2A7A7A211F29B9560021B317 /* Release */,
			);
			defaultConfigurationIsVisible = 0;
			defaultConfigurationName = Release;
		};
/* End XCConfigurationList section */
	};
	rootObject = 2A5392D21F28EDD50050A7FF /* Project object */;
}
